
Microsoft Visual Studio Solution File, Format Version 12.00
# Visual Studio Version 18
VisualStudioVersion = 18.1.11312.151
MinimumVisualStudioVersion = 10.0.40219.1
Project("{9A19103F-16F7-4668-BE54-9A1E7A4F7556}") = "LeNetConsoleClient", "src\LeNetConsoleClient\LeNetConsoleClient.csproj", "{50996DA7-B9C8-4531-8B6B-0B074DFB335C}"
EndProject
Project("{FAE04EC0-301F-11D3-BF4B-00C04F79EFBC}") = "SharpLeNet.Core", "src\SharpLeNet.Core\SharpLeNet.Core.csproj", "{6E27CE88-0033-4430-9984-C91FD0A69F9B}"
EndProject
Project("{FAE04EC0-301F-11D3-BF4B-00C04F79EFBC}") = "SharpLeNet.Tests", "tests\SharpLeNet.Tests\SharpLeNet.Tests.csproj", "{7EB57699-4F0D-496C-BA6A-39E4254E09F3}"
EndProject
Project("{FAE04EC0-301F-11D3-BF4B-00C04F79EFBC}") = "SharpLeNet.Infrastructure", "src\SharpLeNet.Infrastructure\SharpLeNet.Infrastructure.csproj", "{558B3B90-CAA6-4B81-956B-EF57CE9B3A9B}"
EndProject
Project("{FAE04EC0-301F-11D3-BF4B-00C04F79EFBC}") = "SharpLeNet.Vision.Wpf", "src\SharpLeNet.Vision.Wpf\SharpLeNet.Vision.Wpf.csproj", "{9C8124F5-8A5F-415C-B96B-465A049F6EC5}"
EndProject
Global
	GlobalSection(SolutionConfigurationPlatforms) = preSolution
		Debug|Any CPU = Debug|Any CPU
		Release|Any CPU = Release|Any CPU
	EndGlobalSection
	GlobalSection(ProjectConfigurationPlatforms) = postSolution
		{50996DA7-B9C8-4531-8B6B-0B074DFB335C}.Debug|Any CPU.ActiveCfg = Debug|Any CPU
		{50996DA7-B9C8-4531-8B6B-0B074DFB335C}.Debug|Any CPU.Build.0 = Debug|Any CPU
		{50996DA7-B9C8-4531-8B6B-0B074DFB335C}.Release|Any CPU.ActiveCfg = Release|Any CPU
		{50996DA7-B9C8-4531-8B6B-0B074DFB335C}.Release|Any CPU.Build.0 = Release|Any CPU
		{6E27CE88-0033-4430-9984-C91FD0A69F9B}.Debug|Any CPU.ActiveCfg = Debug|Any CPU
		{6E27CE88-0033-4430-9984-C91FD0A69F9B}.Debug|Any CPU.Build.0 = Debug|Any CPU
		{6E27CE88-0033-4430-9984-C91FD0A69F9B}.Release|Any CPU.ActiveCfg = Release|Any CPU
		{6E27CE88-0033-4430-9984-C91FD0A69F9B}.Release|Any CPU.Build.0 = Release|Any CPU
		{7EB57699-4F0D-496C-BA6A-39E4254E09F3}.Debug|Any CPU.ActiveCfg = Debug|Any CPU
		{7EB57699-4F0D-496C-BA6A-39E4254E09F3}.Debug|Any CPU.Build.0 = Debug|Any CPU
		{7EB57699-4F0D-496C-BA6A-39E4254E09F3}.Release|Any CPU.ActiveCfg = Release|Any CPU
		{7EB57699-4F0D-496C-BA6A-39E4254E09F3}.Release|Any CPU.Build.0 = Release|Any CPU
		{558B3B90-CAA6-4B81-956B-EF57CE9B3A9B}.Debug|Any CPU.ActiveCfg = Debug|Any CPU
		{558B3B90-CAA6-4B81-956B-EF57CE9B3A9B}.Debug|Any CPU.Build.0 = Debug|Any CPU
		{558B3B90-CAA6-4B81-956B-EF57CE9B3A9B}.Release|Any CPU.ActiveCfg = Release|Any CPU
		{558B3B90-CAA6-4B81-956B-EF57CE9B3A9B}.Release|Any CPU.Build.0 = Release|Any CPU
		{9C8124F5-8A5F-415C-B96B-465A049F6EC5}.Debug|Any CPU.ActiveCfg = Debug|Any CPU
		{9C8124F5-8A5F-415C-B96B-465A049F6EC5}.Debug|Any CPU.Build.0 = Debug|Any CPU
		{9C8124F5-8A5F-415C-B96B-465A049F6EC5}.Release|Any CPU.ActiveCfg = Release|Any CPU
		{9C8124F5-8A5F-415C-B96B-465A049F6EC5}.Release|Any CPU.Build.0 = Release|Any CPU
	EndGlobalSection
	GlobalSection(SolutionProperties) = preSolution
		HideSolutionNode = FALSE
	EndGlobalSection
	GlobalSection(ExtensibilityGlobals) = postSolution
		SolutionGuid = {7CC576D6-B9E5-43A6-ADD6-5838DEB90620}
	EndGlobalSection
EndGlobal
